hash: 1528f9088e4eabcc0f091554f5cdb33d5dac505b674218fd8276b0f8e61daf44
updated: 2018-06-13T19:53:34.8503483Z
imports:
- name: github.com/aws/aws-sdk-go
  version: d6a1221343a35a6e32c5faafdfd0d61d075d94d1
  subpackages:
  - aws
  - aws/awserr
  - aws/awsutil
  - aws/client
  - aws/client/metadata
  - aws/corehandlers
  - aws/credentials
  - aws/credentials/ec2rolecreds
  - aws/credentials/endpointcreds
  - aws/credentials/stscreds
  - aws/csm
  - aws/defaults
  - aws/ec2metadata
  - aws/endpoints
  - aws/request
  - aws/session
  - aws/signer/v4
  - internal/sdkio
  - internal/sdkrand
  - internal/shareddefaults
  - private/protocol
  - private/protocol/ec2query
  - private/protocol/eventstream
  - private/protocol/eventstream/eventstreamapi
  - private/protocol/json/jsonutil
  - private/protocol/jsonrpc
  - private/protocol/query
  - private/protocol/query/queryutil
  - private/protocol/rest
  - private/protocol/restjson
  - private/protocol/restxml
  - private/protocol/xml/xmlutil
  - service/ec2
  - service/efs
  - service/route53
  - service/s3
  - service/sts
- name: github.com/blang/semver
  version: 2ee87856327ba09384cabd113bc6b5d174e9ec0f
- name: github.com/cloudflare/cfssl
  version: 5d63dbd981b5c408effbb58c442d54761ff94fbd
  subpackages:
  - api
  - api/client
  - auth
  - certdb
  - cli
  - cli/genkey
  - config
  - crypto/pkcs7
  - csr
  - errors
  - helpers
  - helpers/derhelpers
  - info
  - initca
  - log
  - ocsp/config
  - signer
  - signer/local
  - signer/remote
  - signer/universal
- name: github.com/cpuguy83/go-md2man
  version: 20f5889cbdc3c73dbd2862796665e7c465ade7d1
  subpackages:
  - md2man
- name: github.com/fatih/color
  version: 87d4004f2ab62d0d255e0a38f1680aa534549fe3
- name: github.com/go-ini/ini
  version: 06f5f3d67269ccec1fe5fe4134ba6e982984f7f5
- name: github.com/golang/protobuf
  version: 5831880292e721c76b58a16ecc60adc27d8e6355
  subpackages:
  - proto
  - ptypes
  - ptypes/any
  - ptypes/duration
  - ptypes/timestamp
- name: github.com/google/certificate-transparency-go
  version: b3614d4295036ea2b5e81eb800d17584a8a6992e
  subpackages:
  - asn1
  - client
  - client/configpb
  - jsonclient
  - tls
  - x509
  - x509/pkix
- name: github.com/gosuri/uilive
  version: ac356e6e42cd31fcef8e6aec13ae9ed6fe87713e
- name: github.com/inconshreveable/mousetrap
  version: 76626ae9c91c4f2a10f34cad8ce83ea42c93bb75
- name: github.com/jmespath/go-jmespath
  version: c2b33e8439af944379acbdd9c3a5fe0bc44bd8a5
- name: github.com/mattn/go-colorable
  version: efa589957cd060542a26d2dd7832fd6a6c6c3ade
- name: github.com/mattn/go-isatty
  version: 0360b2af4f38e8d38c7fce2a9f4e702702d73a39
- name: github.com/mitchellh/go-homedir
  version: 3864e76763d94a6df2f9960b16a20a33da9f9a66
- name: github.com/onsi/ginkgo
  version: c73579c58881b5ba90d3b08f6ac59cb1c909d6dd
  subpackages:
  - config
  - internal/codelocation
  - internal/containernode
  - internal/failer
  - internal/leafnodes
  - internal/remote
  - internal/spec
  - internal/spec_iterator
  - internal/specrunner
  - internal/suite
  - internal/testingtproxy
  - internal/writer
  - reporters
  - reporters/stenographer
  - reporters/stenographer/support/go-colorable
  - reporters/stenographer/support/go-isatty
  - types
- name: github.com/onsi/gomega
  version: 9be84105672ba4433a3b61f1b4d7f9ff8b022293
  subpackages:
  - format
  - internal/assertion
  - internal/asyncassertion
  - internal/oraclematcher
  - internal/testingtsupport
  - matchers
  - matchers/support/goraph/bipartitegraph
  - matchers/support/goraph/edge
  - matchers/support/goraph/node
  - matchers/support/goraph/util
  - types
- name: github.com/packethost/packngo
  version: db5b2fb99ee303eba5699cb0f9d74aeba8b39b73
- name: github.com/pkg/browser
  version: c90ca0c84f15f81c982e32665bffd8d7aac8f097
- name: github.com/russross/blackfriday
  version: 11635eb403ff09dbc3a6b5a007ab5ab09151c229
- name: github.com/spf13/cobra
  version: 1e58aa3361fd650121dceeedc399e7189c05674a
  subpackages:
  - cobra
  - doc
- name: github.com/spf13/pflag
  version: 3ebe029320b2676d667ae88da602a5f854788a8a
- name: golang.org/x/crypto
  version: 8ac0e0d97ce45cd83d1d7243c060cb8461dda5e9
  subpackages:
  - cryptobyte
  - cryptobyte/asn1
  - curve25519
  - ed25519
  - ed25519/internal/edwards25519
  - internal/chacha20
  - ocsp
  - pkcs12
  - pkcs12/internal/rc2
  - poly1305
  - ssh
- name: golang.org/x/net
  version: db08ff08e8622530d9ed3a0e8ac279f6d4c02196
  subpackages:
  - context
  - context/ctxhttp
  - html
  - html/atom
  - html/charset
- name: golang.org/x/sys
  version: 56ede360ec1c541828fb88741b3f1049406d28f5
  subpackages:
  - unix
- name: golang.org/x/text
  version: 5c1cf69b5978e5a34c5f9ba09a83e56acc4b7877
  subpackages:
  - encoding
  - encoding/charmap
  - encoding/htmlindex
  - encoding/internal
  - encoding/internal/identifier
  - encoding/japanese
  - encoding/korean
  - encoding/simplifiedchinese
  - encoding/traditionalchinese
  - encoding/unicode
  - internal/language
  - internal/language/compact
  - internal/tag
  - internal/utf8internal
  - language
  - runes
  - transform
- name: gopkg.in/yaml.v2
  version: 5420a8b6744d3b0345ab293f6fcba19c978f1183
testImports: []
