hash: f1e1c7515c49bc69417f943bf7c8dc863edf1b0936bd768db5284244e97ca0d5
updated: 2017-07-25T11:20:54.761474195-04:00
imports:
- name: github.com/aws/aws-sdk-go
  version: 40f45e34986ba617a372d1590de273a0ca84a53d
  subpackages:
  - aws
  - aws/awserr
  - aws/credentials
  - aws/session
  - service/ec2
  - service/efs
  - service/route53
  - service/s3
  - internal/shareddefaults
  - aws/client
  - aws/corehandlers
  - aws/credentials/stscreds
  - aws/defaults
  - aws/endpoints
  - aws/request
  - aws/awsutil
  - aws/client/metadata
  - aws/signer/v4
  - private/protocol
  - private/protocol/ec2query
  - private/protocol/restjson
  - private/protocol/restxml
  - service/sts
  - aws/credentials/ec2rolecreds
  - aws/credentials/endpointcreds
  - aws/ec2metadata
  - private/protocol/rest
  - private/protocol/query/queryutil
  - private/protocol/xml/xmlutil
  - private/protocol/jsonrpc
  - private/protocol/query
  - private/protocol/json/jsonutil
- name: github.com/blang/semver
  version: b38d23b8782a487059e8fc8773e9a5b228a77cb6
- name: github.com/cloudflare/cfssl
  version: db0d0650b6496bfe8061ec56a92edd32d8e75c30
  subpackages:
  - csr
  - cli/genkey
  - config
  - helpers
  - initca
  - log
  - signer
  - signer/local
  - errors
  - cli
  - auth
  - ocsp/config
  - crypto/pkcs7
  - helpers/derhelpers
  - certdb
  - info
  - signer/universal
  - signer/remote
  - api/client
  - api
- name: github.com/cpuguy83/go-md2man
  version: a65d4d2de4d5f7c74868dfa9b202a3c8be315aaa
  subpackages:
  - md2man
- name: github.com/fatih/color
  version: 87d4004f2ab62d0d255e0a38f1680aa534549fe3
- name: github.com/go-ini/ini
  version: 3d73f4b845efdf9989fffd4b4e562727744a34ba
- name: github.com/google/certificate-transparency
  version: 6e5648d13b43cdde25cc8274b87675230ffefbd6
  repo: https://github.com/google/certificate-transparency
  subpackages:
  - go
  - go/client
  - go/x509
  - go/asn1
  - go/x509/pkix
- name: github.com/gosuri/uilive
  version: ac356e6e42cd31fcef8e6aec13ae9ed6fe87713e
- name: github.com/inconshreveable/mousetrap
  version: 76626ae9c91c4f2a10f34cad8ce83ea42c93bb75
- name: github.com/jmespath/go-jmespath
  version: bd40a432e4c76585ef6b72d3fd96fb9b6dc7b68d
- name: github.com/mattn/go-colorable
  version: 3fa8c76f9daed4067e4a806fb7e4dc86455c6d6a
- name: github.com/mattn/go-isatty
  version: fc9e8d8ef48496124e79ae0df75490096eccf6fe
- name: github.com/michaelbironneau/garbler
  version: eaea49f3709333a999768eddd70d24eba599e78d
  subpackages:
  - lib
- name: github.com/mitchellh/go-homedir
  version: b8bc1bf767474819792c23f32d8286a45736f1c6
- name: github.com/mreiferson/go-httpclient
  version: 63fe23f7434723dc904c901043af07931f293c47
  repo: https://github.com/mreiferson/go-httpclient
- name: github.com/onsi/ginkgo
  version: 8382b23d18dbaaff8e5f7e83784c53ebb8ec2f47
  subpackages:
  - config
  - internal/codelocation
  - internal/failer
  - internal/remote
  - internal/suite
  - internal/testingtproxy
  - internal/writer
  - reporters
  - reporters/stenographer
  - types
  - internal/spec_iterator
  - internal/containernode
  - internal/leafnodes
  - internal/spec
  - internal/specrunner
  - reporters/stenographer/support/go-colorable
  - reporters/stenographer/support/go-isatty
- name: github.com/onsi/gomega
  version: c893efa28eb45626cdaa76c9f653b62488858837
  subpackages:
  - internal/assertion
  - internal/asyncassertion
  - internal/testingtsupport
  - matchers
  - types
  - internal/oraclematcher
  - format
  - matchers/support/goraph/bipartitegraph
  - matchers/support/goraph/edge
  - matchers/support/goraph/node
  - matchers/support/goraph/util
- name: github.com/packethost/packngo
  version: 8ff1de745a8a4fdc5323ffd9ac2bc55195ff671e
- name: github.com/pkg/browser
  version: c90ca0c84f15f81c982e32665bffd8d7aac8f097
- name: github.com/russross/blackfriday
  version: 067529f716f4c3f5e37c8c95ddd59df1007290ae
- name: github.com/spf13/cobra
  version: 34594c771f2c18301dc152640ad40ece28795373
  subpackages:
  - cobra
  - doc
- name: github.com/spf13/pflag
  version: e57e3eeb33f795204c1ca35f56c44f83227c6e66
- name: golang.org/x/crypto
  version: 1f22c0103821b9390939b6776727195525381532
  subpackages:
  - ssh
  - pkcs12
  - curve25519
  - pkcs12/internal/rc2
- name: golang.org/x/net
  version: ab5485076ff3407ad2d02db054635913f017b0ed
  subpackages:
  - html/charset
  - html
  - html/atom
- name: golang.org/x/sys
  version: 85d149506305e7abe0aca5ad5ac4b1fce82ccd11
  subpackages:
  - unix
- name: golang.org/x/text
  version: 836efe42bb4aa16aaa17b9c155d8813d336ed720
  subpackages:
  - encoding
  - encoding/charmap
  - encoding/htmlindex
  - transform
  - encoding/internal/identifier
  - encoding/internal
  - encoding/japanese
  - encoding/korean
  - encoding/simplifiedchinese
  - encoding/traditionalchinese
  - encoding/unicode
  - language
  - internal/utf8internal
  - runes
  - internal/tag
- name: gopkg.in/yaml.v2
  version: 25c4ec802a7d637f88d584ab26798e94ad14c13b
testImports: []
